
Microsoft Visual Studio Solution File, Format Version 12.00
# Visual Studio 15
VisualStudioVersion = 15.0.28307.168
MinimumVisualStudioVersion = 10.0.40219.1
Project("{FAE04EC0-301F-11D3-BF4B-00C04F79EFBC}") = "Sorting", "Sorting\Sorting.csproj", "{44995044-D3B6-4AB3-ABF3-CAD8C121B675}"
EndProject
Global
	GlobalSection(SolutionConfigurationPlatforms) = preSolution
		Debug|Any CPU = Debug|Any CPU
		Release|Any CPU = Release|Any CPU
	EndGlobalSection
	GlobalSection(ProjectConfigurationPlatforms) = postSolution
		{44995044-D3B6-4AB3-ABF3-CAD8C121B675}.Debug|Any CPU.ActiveCfg = Debug|Any CPU
		{44995044-D3B6-4AB3-ABF3-CAD8C121B675}.Debug|Any CPU.Build.0 = Debug|Any CPU
		{44995044-D3B6-4AB3-ABF3-CAD8C121B675}.Release|Any CPU.ActiveCfg = Release|Any CPU
		{44995044-D3B6-4AB3-ABF3-CAD8C121B675}.Release|Any CPU.Build.0 = Release|Any CPU
	EndGlobalSection
	GlobalSection(SolutionProperties) = preSolution
		HideSolutionNode = FALSE
	EndGlobalSection
	GlobalSection(ExtensibilityGlobals) = postSolution
		SolutionGuid = {5DEC8A0B-99D0-4A26-A93E-CD216D15C334}
	EndGlobalSection
EndGlobal
